Microsoft Visual Studio Solution File, Format Version 12.00
# Visual Studio Version 17
VisualStudioVersion = 17.5.2.0
MinimumVisualStudioVersion = 10.0.40219.1
Project("{FAE04EC0-301F-11D3-BF4B-00C04F79EFBC}") = "20260107_C#_PRG2_FL1.2_DogBoarding", "20260107_C#_PRG2_FL1.2_DogBoarding.csproj", "{C55F6B29-8514-47FF-787A-6B23763832FC}"
EndProject
Global
	GlobalSection(SolutionConfigurationPlatforms) = preSolution
		Debug|Any CPU = Debug|Any CPU
		Release|Any CPU = Release|Any CPU
	EndGlobalSection
	GlobalSection(ProjectConfigurationPlatforms) = postSolution
		{C55F6B29-8514-47FF-787A-6B23763832FC}.Debug|Any CPU.ActiveCfg = Debug|Any CPU
		{C55F6B29-8514-47FF-787A-6B23763832FC}.Debug|Any CPU.Build.0 = Debug|Any CPU
		{C55F6B29-8514-47FF-787A-6B23763832FC}.Release|Any CPU.ActiveCfg = Release|Any CPU
		{C55F6B29-8514-47FF-787A-6B23763832FC}.Release|Any CPU.Build.0 = Release|Any CPU
	EndGlobalSection
	GlobalSection(SolutionProperties) = preSolution
		HideSolutionNode = FALSE
	EndGlobalSection
	GlobalSection(ExtensibilityGlobals) = postSolution
		SolutionGuid = {98F5A9BF-DBD1-4F24-A139-72DC43D8537A}
	EndGlobalSection
EndGlobal
